// !$*UTF8*$!
{
	archiveVersion = 1;
	classes = {
	};
	objectVersion = 46;
	objects = {

/* Begin PBXBuildFile section */
		4C9B95B91DF5E53900E0FFBB /* AppDelegate.swift in Sources */ = {isa = PBXBuildFile; fileRef = 4C9B95B81DF5E53900E0FFBB /* AppDelegate.swift */; };
		4C9B95BB1DF5E53900E0FFBB /* ViewController.swift in Sources */ = {isa = PBXBuildFile; fileRef = 4C9B95BA1DF5E53900E0FFBB /* ViewController.swift */; };
		4C9B95BE1DF5E53900E0FFBB /* Main.storyboard in Resources */ = {isa = PBXBuildFile; fileRef = 4C9B95BC1DF5E53900E0FFBB /* Main.storyboard */; };
		4C9B95C01DF5E53900E0FFBB /* Assets.xcassets in Resources */ = {isa = PBXBuildFile; fileRef = 4C9B95BF1DF5E53900E0FFBB /* Assets.xcassets */; };
		4C9B95C31DF5E53900E0FFBB /* LaunchScreen.storyboard in Resources */ = {isa = PBXBuildFile; fileRef = 4C9B95C11DF5E53900E0FFBB /* LaunchScreen.storyboard */; };
		4C9B95D91DF5E53A00E0FFBB /* WeddingVenueUITests.swift in Sources */ = {isa = PBXBuildFile; fileRef = 4C9B95D81DF5E53A00E0FFBB /* WeddingVenueUITests.swift */; };
		4C9B95EC1DF5E69B00E0FFBB /* Label.swift in Sources */ = {isa = PBXBuildFile; fileRef = 4C9B95EA1DF5E69B00E0FFBB /* Label.swift */; };
		4C9B95ED1DF5E69B00E0FFBB /* WeddingVenueTableViewCell.swift in Sources */ = {isa = PBXBuildFile; fileRef = 4C9B95EB1DF5E69B00E0FFBB /* WeddingVenueTableViewCell.swift */; };
		4C9B95F11DF5E6AD00E0FFBB /* AboutViewController.swift in Sources */ = {isa = PBXBuildFile; fileRef = 4C9B95EE1DF5E6AD00E0FFBB /* AboutViewController.swift */; };
		4C9B95F21DF5E6AD00E0FFBB /* MasterViewController.swift in Sources */ = {isa = PBXBuildFile; fileRef = 4C9B95EF1DF5E6AD00E0FFBB /* MasterViewController.swift */; };
		4C9B95F31DF5E6AD00E0FFBB /* WeddingVenueViewController.swift in Sources */ = {isa = PBXBuildFile; fileRef = 4C9B95F01DF5E6AD00E0FFBB /* WeddingVenueViewController.swift */; };
		4C9B95F71DF5E6C100E0FFBB /* weddings.plist in Resources */ = {isa = PBXBuildFile; fileRef = 4C9B95F41DF5E6C100E0FFBB /* weddings.plist */; };
		4C9B95F81DF5E6C100E0FFBB /* WeddingVenue.swift in Sources */ = {isa = PBXBuildFile; fileRef = 4C9B95F51DF5E6C100E0FFBB /* WeddingVenue.swift */; };
		4C9B95F91DF5E6C100E0FFBB /* WeddingVenueCollection.swift in Sources */ = {isa = PBXBuildFile; fileRef = 4C9B95F61DF5E6C100E0FFBB /* WeddingVenueCollection.swift */; };
		4C9B95FB1DF5E7C800E0FFBB /* Colors.swift in Sources */ = {isa = PBXBuildFile; fileRef = 4C9B95FA1DF5E7C800E0FFBB /* Colors.swift */; };
		4C9B95FE1DF5EB4B00E0FFBB /* WeddingVenueTests.swift in Sources */ = {isa = PBXBuildFile; fileRef = 4C9B95CD1DF5E53A00E0FFBB /* WeddingVenueTests.swift */; };
/* End PBXBuildFile section */

/* Begin PBXContainerItemProxy section */
		4C9B95CA1DF5E53A00E0FFBB /* PBXContainerItemProxy */ = {
			isa = PBXContainerItemProxy;
			containerPortal = 4C9B95AD1DF5E53900E0FFBB /* Project object */;
			proxyType = 1;
			remoteGlobalIDString = 4C9B95B41DF5E53900E0FFBB;
			remoteInfo = WeddingVenue;
		};
		4C9B95D51DF5E53A00E0FFBB /* PBXContainerItemProxy */ = {
			isa = PBXContainerItemProxy;
			containerPortal = 4C9B95AD1DF5E53900E0FFBB /* Project object */;
			proxyType = 1;
			remoteGlobalIDString = 4C9B95B41DF5E53900E0FFBB;
			remoteInfo = WeddingVenue;
		};
/* End PBXContainerItemProxy section */

/* Begin PBXFileReference section */
		4C9B95B51DF5E53900E0FFBB /* WeddingVenue.app */ = {isa = PBXFileReference; explicitFileType = wrapper.application; includeInIndex = 0; path = WeddingVenue.app; sourceTree = BUILT_PRODUCTS_DIR; };
		4C9B95B81DF5E53900E0FFBB /* AppDelegate.swift */ = {isa = PBXFileReference; lastKnownFileType = sourcecode.swift; path = AppDelegate.swift; sourceTree = "<group>"; };
		4C9B95BA1DF5E53900E0FFBB /* ViewController.swift */ = {isa = PBXFileReference; lastKnownFileType = sourcecode.swift; path = ViewController.swift; sourceTree = "<group>"; };
		4C9B95BD1DF5E53900E0FFBB /* Base */ = {isa = PBXFileReference; lastKnownFileType = file.storyboard; name = Base; path = Base.lproj/Main.storyboard; sourceTree = "<group>"; };
		4C9B95BF1DF5E53900E0FFBB /* Assets.xcassets */ = {isa = PBXFileReference; lastKnownFileType = folder.assetcatalog; path = Assets.xcassets; sourceTree = "<group>"; };
		4C9B95C21DF5E53900E0FFBB /* Base */ = {isa = PBXFileReference; lastKnownFileType = file.storyboard; name = Base; path = Base.lproj/LaunchScreen.storyboard; sourceTree = "<group>"; };
		4C9B95C41DF5E53900E0FFBB /* Info.plist */ = {isa = PBXFileReference; lastKnownFileType = text.plist.xml; path = Info.plist; sourceTree = "<group>"; };
		4C9B95C91DF5E53A00E0FFBB /* WeddingVenueTests.xctest */ = {isa = PBXFileReference; explicitFileType = wrapper.cfbundle; includeInIndex = 0; path = WeddingVenueTests.xctest; sourceTree = BUILT_PRODUCTS_DIR; };
		4C9B95CD1DF5E53A00E0FFBB /* WeddingVenueTests.swift */ = {isa = PBXFileReference; lastKnownFileType = sourcecode.swift; path = WeddingVenueTests.swift; sourceTree = "<group>"; };
		4C9B95CF1DF5E53A00E0FFBB /* Info.plist */ = {isa = PBXFileReference; lastKnownFileType = text.plist.xml; path = Info.plist; sourceTree = "<group>"; };
		4C9B95D41DF5E53A00E0FFBB /* WeddingVenueUITests.xctest */ = {isa = PBXFileReference; explicitFileType = wrapper.cfbundle; includeInIndex = 0; path = WeddingVenueUITests.xctest; sourceTree = BUILT_PRODUCTS_DIR; };
		4C9B95D81DF5E53A00E0FFBB /* WeddingVenueUITests.swift */ = {isa = PBXFileReference; lastKnownFileType = sourcecode.swift; path = WeddingVenueUITests.swift; sourceTree = "<group>"; };
		4C9B95DA1DF5E53A00E0FFBB /* Info.plist */ = {isa = PBXFileReference; lastKnownFileType = text.plist.xml; path = Info.plist; sourceTree = "<group>"; };
		4C9B95EA1DF5E69B00E0FFBB /* Label.swift */ = {isa = PBXFileReference; fileEncoding = 4; lastKnownFileType = sourcecode.swift; path = Label.swift; sourceTree = "<group>"; };
		4C9B95EB1DF5E69B00E0FFBB /* WeddingVenueTableViewCell.swift */ = {isa = PBXFileReference; fileEncoding = 4; lastKnownFileType = sourcecode.swift; path = WeddingVenueTableViewCell.swift; sourceTree = "<group>"; };
		4C9B95EE1DF5E6AD00E0FFBB /* AboutViewController.swift */ = {isa = PBXFileReference; fileEncoding = 4; lastKnownFileType = sourcecode.swift; path = AboutViewController.swift; sourceTree = "<group>"; };
		4C9B95EF1DF5E6AD00E0FFBB /* MasterViewController.swift */ = {isa = PBXFileReference; fileEncoding = 4; lastKnownFileType = sourcecode.swift; path = MasterViewController.swift; sourceTree = "<group>"; };
		4C9B95F01DF5E6AD00E0FFBB /* WeddingVenueViewController.swift */ = {isa = PBXFileReference; fileEncoding = 4; lastKnownFileType = sourcecode.swift; path = WeddingVenueViewController.swift; sourceTree = "<group>"; };
		4C9B95F41DF5E6C100E0FFBB /* weddings.plist */ = {isa = PBXFileReference; fileEncoding = 4; lastKnownFileType = text.plist.xml; path = weddings.plist; sourceTree = "<group>"; };
		4C9B95F51DF5E6C100E0FFBB /* WeddingVenue.swift */ = {isa = PBXFileReference; fileEncoding = 4; lastKnownFileType = sourcecode.swift; path = WeddingVenue.swift; sourceTree = "<group>"; };
		4C9B95F61DF5E6C100E0FFBB /* WeddingVenueCollection.swift */ = {isa = PBXFileReference; fileEncoding = 4; lastKnownFileType = sourcecode.swift; path = WeddingVenueCollection.swift; sourceTree = "<group>"; };
		4C9B95FA1DF5E7C800E0FFBB /* Colors.swift */ = {isa = PBXFileReference; fileEncoding = 4; lastKnownFileType = sourcecode.swift; path = Colors.swift; sourceTree = "<group>"; };
/* End PBXFileReference section */

/* Begin PBXFrameworksBuildPhase section */
		4C9B95B21DF5E53900E0FFBB /* Frameworks */ = {
			isa = PBXFrameworksBuildPhase;
			buildActionMask = 2147483647;
			files = (
			);
			runOnlyForDeploymentPostprocessing = 0;
		};
		4C9B95C61DF5E53A00E0FFBB /* Frameworks */ = {
			isa = PBXFrameworksBuildPhase;
			buildActionMask = 2147483647;
			files = (
			);
			runOnlyForDeploymentPostprocessing = 0;
		};
		4C9B95D11DF5E53A00E0FFBB /* Frameworks */ = {
			isa = PBXFrameworksBuildPhase;
			buildActionMask = 2147483647;
			files = (
			);
			runOnlyForDeploymentPostprocessing = 0;
		};
/* End PBXFrameworksBuildPhase section */

/* Begin PBXGroup section */
		4C9B95AC1DF5E53900E0FFBB = {
			isa = PBXGroup;
			children = (
				4C9B95B71DF5E53900E0FFBB /* WeddingVenue */,
				4C9B95CC1DF5E53A00E0FFBB /* WeddingVenueTests */,
				4C9B95D71DF5E53A00E0FFBB /* WeddingVenueUITests */,
				4C9B95B61DF5E53900E0FFBB /* Products */,
			);
			sourceTree = "<group>";
		};
		4C9B95B61DF5E53900E0FFBB /* Products */ = {
			isa = PBXGroup;
			children = (
				4C9B95B51DF5E53900E0FFBB /* WeddingVenue.app */,
				4C9B95C91DF5E53A00E0FFBB /* WeddingVenueTests.xctest */,
				4C9B95D41DF5E53A00E0FFBB /* WeddingVenueUITests.xctest */,
			);
			name = Products;
			sourceTree = "<group>";
		};
		4C9B95B71DF5E53900E0FFBB /* WeddingVenue */ = {
			isa = PBXGroup;
			children = (
				4C9B95E91DF5E68300E0FFBB /* Views */,
				4C9B95E81DF5E67C00E0FFBB /* ViewControllers */,
				4C9B95E71DF5E67800E0FFBB /* Models */,
				4C9B95E61DF5E67000E0FFBB /* Utilities */,
				4C9B95B81DF5E53900E0FFBB /* AppDelegate.swift */,
				4C9B95BA1DF5E53900E0FFBB /* ViewController.swift */,
				4C9B95BC1DF5E53900E0FFBB /* Main.storyboard */,
				4C9B95BF1DF5E53900E0FFBB /* Assets.xcassets */,
				4C9B95C11DF5E53900E0FFBB /* LaunchScreen.storyboard */,
				4C9B95C41DF5E53900E0FFBB /* Info.plist */,
			);
			path = WeddingVenue;
			sourceTree = "<group>";
		};
		4C9B95CC1DF5E53A00E0FFBB /* WeddingVenueTests */ = {
			isa = PBXGroup;
			children = (
				4C9B95CD1DF5E53A00E0FFBB /* WeddingVenueTests.swift */,
				4C9B95CF1DF5E53A00E0FFBB /* Info.plist */,
			);
			path = WeddingVenueTests;
			sourceTree = "<group>";
		};
		4C9B95D71DF5E53A00E0FFBB /* WeddingVenueUITests */ = {
			isa = PBXGroup;
			children = (
				4C9B95D81DF5E53A00E0FFBB /* WeddingVenueUITests.swift */,
				4C9B95DA1DF5E53A00E0FFBB /* Info.plist */,
			);
			path = WeddingVenueUITests;
			sourceTree = "<group>";
		};
		4C9B95E61DF5E67000E0FFBB /* Utilities */ = {
			isa = PBXGroup;
			children = (
				4C9B95FA1DF5E7C800E0FFBB /* Colors.swift */,
			);
			name = Utilities;
			sourceTree = "<group>";
		};
		4C9B95E71DF5E67800E0FFBB /* Models */ = {
			isa = PBXGroup;
			children = (
				4C9B95F41DF5E6C100E0FFBB /* weddings.plist */,
				4C9B95F51DF5E6C100E0FFBB /* WeddingVenue.swift */,
				4C9B95F61DF5E6C100E0FFBB /* WeddingVenueCollection.swift */,
			);
			name = Models;
			sourceTree = "<group>";
		};
		4C9B95E81DF5E67C00E0FFBB /* ViewControllers */ = {
			isa = PBXGroup;
			children = (
				4C9B95EE1DF5E6AD00E0FFBB /* AboutViewController.swift */,
				4C9B95EF1DF5E6AD00E0FFBB /* MasterViewController.swift */,
				4C9B95F01DF5E6AD00E0FFBB /* WeddingVenueViewController.swift */,
			);
			name = ViewControllers;
			sourceTree = "<group>";
		};
		4C9B95E91DF5E68300E0FFBB /* Views */ = {
			isa = PBXGroup;
			children = (
				4C9B95EA1DF5E69B00E0FFBB /* Label.swift */,
				4C9B95EB1DF5E69B00E0FFBB /* WeddingVenueTableViewCell.swift */,
			);
			name = Views;
			sourceTree = "<group>";
		};
/* End PBXGroup section */

/* Begin PBXNativeTarget section */
		4C9B95B41DF5E53900E0FFBB /* WeddingVenue */ = {
			isa = PBXNativeTarget;
			buildConfigurationList = 4C9B95DD1DF5E53A00E0FFBB /* Build configuration list for PBXNativeTarget "WeddingVenue" */;
			buildPhases = (
				4C9B95B11DF5E53900E0FFBB /* Sources */,
				4C9B95B21DF5E53900E0FFBB /* Frameworks */,
				4C9B95B31DF5E53900E0FFBB /* Resources */,
			);
			buildRules = (
			);
			dependencies = (
			);
			name = WeddingVenue;
			productName = WeddingVenue;
			productReference = 4C9B95B51DF5E53900E0FFBB /* WeddingVenue.app */;
			productType = "com.apple.product-type.application";
		};
		4C9B95C81DF5E53A00E0FFBB /* WeddingVenueTests */ = {
			isa = PBXNativeTarget;
			buildConfigurationList = 4C9B95E01DF5E53A00E0FFBB /* Build configuration list for PBXNativeTarget "WeddingVenueTests" */;
			buildPhases = (
				4C9B95C51DF5E53A00E0FFBB /* Sources */,
				4C9B95C61DF5E53A00E0FFBB /* Frameworks */,
				4C9B95C71DF5E53A00E0FFBB /* Resources */,
			);
			buildRules = (
			);
			dependencies = (
				4C9B95CB1DF5E53A00E0FFBB /* PBXTargetDependency */,
			);
			name = WeddingVenueTests;
			productName = WeddingVenueTests;
			productReference = 4C9B95C91DF5E53A00E0FFBB /* WeddingVenueTests.xctest */;
			productType = "com.apple.product-type.bundle.unit-test";
		};
		4C9B95D31DF5E53A00E0FFBB /* WeddingVenueUITests */ = {
			isa = PBXNativeTarget;
			buildConfigurationList = 4C9B95E31DF5E53A00E0FFBB /* Build configuration list for PBXNativeTarget "WeddingVenueUITests" */;
			buildPhases = (
				4C9B95D01DF5E53A00E0FFBB /* Sources */,
				4C9B95D11DF5E53A00E0FFBB /* Frameworks */,
				4C9B95D21DF5E53A00E0FFBB /* Resources */,
			);
			buildRules = (
			);
			dependencies = (
				4C9B95D61DF5E53A00E0FFBB /* PBXTargetDependency */,
			);
			name = WeddingVenueUITests;
			productName = WeddingVenueUITests;
			productReference = 4C9B95D41DF5E53A00E0FFBB /* WeddingVenueUITests.xctest */;
			productType = "com.apple.product-type.bundle.ui-testing";
		};
/* End PBXNativeTarget section */

/* Begin PBXProject section */
		4C9B95AD1DF5E53900E0FFBB /* Project object */ = {
			isa = PBXProject;
			attributes = {
				LastSwiftUpdateCheck = 0810;
				LastUpgradeCheck = 0820;
				ORGANIZATIONNAME = chasingkite;
				TargetAttributes = {
					4C9B95B41DF5E53900E0FFBB = {
						CreatedOnToolsVersion = 8.1;
						DevelopmentTeam = M72VVYA3M8;
						LastSwiftMigration = 0810;
						ProvisioningStyle = Automatic;
					};
					4C9B95C81DF5E53A00E0FFBB = {
						CreatedOnToolsVersion = 8.1;
						DevelopmentTeam = M72VVYA3M8;
						LastSwiftMigration = 0810;
						ProvisioningStyle = Automatic;
						TestTargetID = 4C9B95B41DF5E53900E0FFBB;
					};
					4C9B95D31DF5E53A00E0FFBB = {
						CreatedOnToolsVersion = 8.1;
						DevelopmentTeam = M72VVYA3M8;
						LastSwiftMigration = 0810;
						ProvisioningStyle = Automatic;
						TestTargetID = 4C9B95B41DF5E53900E0FFBB;
					};
				};
			};
			buildConfigurationList = 4C9B95B01DF5E53900E0FFBB /* Build configuration list for PBXProject "WeddingVenue" */;
			compatibilityVersion = "Xcode 3.2";
			developmentRegion = English;
			hasScannedForEncodings = 0;
			knownRegions = (
				en,
				Base,
			);
			mainGroup = 4C9B95AC1DF5E53900E0FFBB;
			productRefGroup = 4C9B95B61DF5E53900E0FFBB /* Products */;
			projectDirPath = "";
			projectRoot = "";
			targets = (
				4C9B95B41DF5E53900E0FFBB /* WeddingVenue */,
				4C9B95C81DF5E53A00E0FFBB /* WeddingVenueTests */,
				4C9B95D31DF5E53A00E0FFBB /* WeddingVenueUITests */,
			);
		};
/* End PBXProject section */

/* Begin PBXResourcesBuildPhase section */
		4C9B95B31DF5E53900E0FFBB /* Resources */ = {
			isa = PBXResourcesBuildPhase;
			buildActionMask = 2147483647;
			files = (
				4C9B95C31DF5E53900E0FFBB /* LaunchScreen.storyboard in Resources */,
				4C9B95F71DF5E6C100E0FFBB /* weddings.plist in Resources */,
				4C9B95C01DF5E53900E0FFBB /* Assets.xcassets in Resources */,
				4C9B95BE1DF5E53900E0FFBB /* Main.storyboard in Resources */,
			);
			runOnlyForDeploymentPostprocessing = 0;
		};
		4C9B95C71DF5E53A00E0FFBB /* Resources */ = {
			isa = PBXResourcesBuildPhase;
			buildActionMask = 2147483647;
			files = (
			);
			runOnlyForDeploymentPostprocessing = 0;
		};
		4C9B95D21DF5E53A00E0FFBB /* Resources */ = {
			isa = PBXResourcesBuildPhase;
			buildActionMask = 2147483647;
			files = (
			);
			runOnlyForDeploymentPostprocessing = 0;
		};
/* End PBXResourcesBuildPhase section */

/* Begin PBXSourcesBuildPhase section */
		4C9B95B11DF5E53900E0FFBB /* Sources */ = {
			isa = PBXSourcesBuildPhase;
			buildActionMask = 2147483647;
			files = (
				4C9B95BB1DF5E53900E0FFBB /* ViewController.swift in Sources */,
				4C9B95FB1DF5E7C800E0FFBB /* Colors.swift in Sources */,
				4C9B95F31DF5E6AD00E0FFBB /* WeddingVenueViewController.swift in Sources */,
				4C9B95F81DF5E6C100E0FFBB /* WeddingVenue.swift in Sources */,
				4C9B95B91DF5E53900E0FFBB /* AppDelegate.swift in Sources */,
				4C9B95F21DF5E6AD00E0FFBB /* MasterViewController.swift in Sources */,
				4C9B95F91DF5E6C100E0FFBB /* WeddingVenueCollection.swift in Sources */,
				4C9B95ED1DF5E69B00E0FFBB /* WeddingVenueTableViewCell.swift in Sources */,
				4C9B95F11DF5E6AD00E0FFBB /* AboutViewController.swift in Sources */,
				4C9B95EC1DF5E69B00E0FFBB /* Label.swift in Sources */,
			);
			runOnlyForDeploymentPostprocessing = 0;
		};
		4C9B95C51DF5E53A00E0FFBB /* Sources */ = {
			isa = PBXSourcesBuildPhase;
			buildActionMask = 2147483647;
			files = (
				4C9B95FE1DF5EB4B00E0FFBB /* WeddingVenueTests.swift in Sources */,
			);
			runOnlyForDeploymentPostprocessing = 0;
		};
		4C9B95D01DF5E53A00E0FFBB /* Sources */ = {
			isa = PBXSourcesBuildPhase;
			buildActionMask = 2147483647;
			files = (
				4C9B95D91DF5E53A00E0FFBB /* WeddingVenueUITests.swift in Sources */,
			);
			runOnlyForDeploymentPostprocessing = 0;
		};
/* End PBXSourcesBuildPhase section */

/* Begin PBXTargetDependency section */
		4C9B95CB1DF5E53A00E0FFBB /* PBXTargetDependency */ = {
			isa = PBXTargetDependency;
			target = 4C9B95B41DF5E53900E0FFBB /* WeddingVenue */;
			targetProxy = 4C9B95CA1DF5E53A00E0FFBB /* PBXContainerItemProxy */;
		};
		4C9B95D61DF5E53A00E0FFBB /* PBXTargetDependency */ = {
			isa = PBXTargetDependency;
			target = 4C9B95B41DF5E53900E0FFBB /* WeddingVenue */;
			targetProxy = 4C9B95D51DF5E53A00E0FFBB /* PBXContainerItemProxy */;
		};
/* End PBXTargetDependency section */

/* Begin PBXVariantGroup section */
		4C9B95BC1DF5E53900E0FFBB /* Main.storyboard */ = {
			isa = PBXVariantGroup;
			children = (
				4C9B95BD1DF5E53900E0FFBB /* Base */,
			);
			name = Main.storyboard;
			sourceTree = "<group>";
		};
		4C9B95C11DF5E53900E0FFBB /* LaunchScreen.storyboard */ = {
			isa = PBXVariantGroup;
			children = (
				4C9B95C21DF5E53900E0FFBB /* Base */,
			);
			name = LaunchScreen.storyboard;
			sourceTree = "<group>";
		};
/* End PBXVariantGroup section */

/* Begin XCBuildConfiguration section */
		4C9B95DB1DF5E53A00E0FFBB /* Debug */ = {
			isa = XCBuildConfiguration;
			buildSettings = {
				ALWAYS_SEARCH_USER_PATHS = NO;
				CLANG_ANALYZER_NONNULL = YES;
				CLANG_CXX_LANGUAGE_STANDARD = "gnu++0x";
				CLANG_CXX_LIBRARY = "libc++";
				CLANG_ENABLE_MODULES = YES;
				CLANG_ENABLE_OBJC_ARC = YES;
				CLANG_WARN_BOOL_CONVERSION = YES;
				CLANG_WARN_CONSTANT_CONVERSION = YES;
				CLANG_WARN_DIRECT_OBJC_ISA_USAGE = YES_ERROR;
				CLANG_WARN_DOCUMENTATION_COMMENTS = YES;
				CLANG_WARN_EMPTY_BODY = YES;
				CLANG_WARN_ENUM_CONVERSION = YES;
				CLANG_WARN_INFINITE_RECURSION = YES;
				CLANG_WARN_INT_CONVERSION = YES;
				CLANG_WARN_OBJC_ROOT_CLASS = YES_ERROR;
				CLANG_WARN_SUSPICIOUS_MOVE = YES;
				CLANG_WARN_SUSPICIOUS_MOVES = YES;
				CLANG_WARN_UNREACHABLE_CODE = YES;
				CLANG_WARN__DUPLICATE_METHOD_MATCH = YES;
				"CODE_SIGN_IDENTITY[sdk=iphoneos*]" = "iPhone Developer";
				COPY_PHASE_STRIP = NO;
				DEBUG_INFORMATION_FORMAT = dwarf;
				ENABLE_STRICT_OBJC_MSGSEND = YES;
				ENABLE_TESTABILITY = YES;
				GCC_C_LANGUAGE_STANDARD = gnu99;
				GCC_DYNAMIC_NO_PIC = NO;
				GCC_NO_COMMON_BLOCKS = YES;
				GCC_OPTIMIZATION_LEVEL = 0;
				GCC_PREPROCESSOR_DEFINITIONS = (
					"DEBUG=1",
					"$(inherited)",
				);
				GCC_WARN_64_TO_32_BIT_CONVERSION = YES;
				GCC_WARN_ABOUT_RETURN_TYPE = YES_ERROR;
				GCC_WARN_UNDECLARED_SELECTOR = YES;
				GCC_WARN_UNINITIALIZED_AUTOS = YES_AGGRESSIVE;
				GCC_WARN_UNUSED_FUNCTION = YES;
				GCC_WARN_UNUSED_VARIABLE = YES;
				IPHONEOS_DEPLOYMENT_TARGET = 10.1;
				MTL_ENABLE_DEBUG_INFO = YES;
				ONLY_ACTIVE_ARCH = YES;
				SDKROOT = iphoneos;
				SWIFT_ACTIVE_COMPILATION_CONDITIONS = DEBUG;
				SWIFT_OPTIMIZATION_LEVEL = "-Onone";
				TARGETED_DEVICE_FAMILY = "1,2";
			};
			name = Debug;
		};
		4C9B95DC1DF5E53A00E0FFBB /* Release */ = {
			isa = XCBuildConfiguration;
			buildSettings = {
				ALWAYS_SEARCH_USER_PATHS = NO;
				CLANG_ANALYZER_NONNULL = YES;
				CLANG_CXX_LANGUAGE_STANDARD = "gnu++0x";
				CLANG_CXX_LIBRARY = "libc++";
				CLANG_ENABLE_MODULES = YES;
				CLANG_ENABLE_OBJC_ARC = YES;
				CLANG_WARN_BOOL_CONVERSION = YES;
				CLANG_WARN_CONSTANT_CONVERSION = YES;
				CLANG_WARN_DIRECT_OBJC_ISA_USAGE = YES_ERROR;
				CLANG_WARN_DOCUMENTATION_COMMENTS = YES;
				CLANG_WARN_EMPTY_BODY = YES;
				CLANG_WARN_ENUM_CONVERSION = YES;
				CLANG_WARN_INFINITE_RECURSION = YES;
				CLANG_WARN_INT_CONVERSION = YES;
				CLANG_WARN_OBJC_ROOT_CLASS = YES_ERROR;
				CLANG_WARN_SUSPICIOUS_MOVE = YES;
				CLANG_WARN_SUSPICIOUS_MOVES = YES;
				CLANG_WARN_UNREACHABLE_CODE = YES;
				CLANG_WARN__DUPLICATE_METHOD_MATCH = YES;
				"CODE_SIGN_IDENTITY[sdk=iphoneos*]" = "iPhone Developer";
				COPY_PHASE_STRIP = NO;
				DEBUG_INFORMATION_FORMAT = "dwarf-with-dsym";
				ENABLE_NS_ASSERTIONS = NO;
				ENABLE_STRICT_OBJC_MSGSEND = YES;
				GCC_C_LANGUAGE_STANDARD = gnu99;
				GCC_NO_COMMON_BLOCKS = YES;
				GCC_WARN_64_TO_32_BIT_CONVERSION = YES;
				GCC_WARN_ABOUT_RETURN_TYPE = YES_ERROR;
				GCC_WARN_UNDECLARED_SELECTOR = YES;
				GCC_WARN_UNINITIALIZED_AUTOS = YES_AGGRESSIVE;
				GCC_WARN_UNUSED_FUNCTION = YES;
				GCC_WARN_UNUSED_VARIABLE = YES;
				IPHONEOS_DEPLOYMENT_TARGET = 10.1;
				MTL_ENABLE_DEBUG_INFO = NO;
				SDKROOT = iphoneos;
				SWIFT_OPTIMIZATION_LEVEL = "-Owholemodule";
				TARGETED_DEVICE_FAMILY = "1,2";
				VALIDATE_PRODUCT = YES;
			};
			name = Release;
		};
		4C9B95DE1DF5E53A00E0FFBB /* Debug */ = {
			isa = XCBuildConfiguration;
			buildSettings = {
				ASSETCATALOG_COMPILER_APPICON_NAME = AppIcon;
				DEVELOPMENT_TEAM = M72VVYA3M8;
				INFOPLIST_FILE = WeddingVenue/Info.plist;
				IPHONEOS_DEPLOYMENT_TARGET = 9.0;
				LD_RUNPATH_SEARCH_PATHS = "$(inherited) @executable_path/Frameworks";
				PRODUCT_BUNDLE_IDENTIFIER = com.chasingkite.WeddingVenue;
				PRODUCT_NAME = "$(TARGET_NAME)";
				SWIFT_VERSION = 3.0;
			};
			name = Debug;
		};
		4C9B95DF1DF5E53A00E0FFBB /* Release */ = {
			isa = XCBuildConfiguration;
			buildSettings = {
				ASSETCATALOG_COMPILER_APPICON_NAME = AppIcon;
				DEVELOPMENT_TEAM = M72VVYA3M8;
				INFOPLIST_FILE = WeddingVenue/Info.plist;
				IPHONEOS_DEPLOYMENT_TARGET = 9.0;
				LD_RUNPATH_SEARCH_PATHS = "$(inherited) @executable_path/Frameworks";
				PRODUCT_BUNDLE_IDENTIFIER = com.chasingkite.WeddingVenue;
				PRODUCT_NAME = "$(TARGET_NAME)";
				SWIFT_VERSION = 3.0;
			};
			name = Release;
		};
		4C9B95E11DF5E53A00E0FFBB /* Debug */ = {
			isa = XCBuildConfiguration;
			buildSettings = {
				ALWAYS_EMBED_SWIFT_STANDARD_LIBRARIES = YES;
				BUNDLE_LOADER = "$(TEST_HOST)";
				DEVELOPMENT_TEAM = M72VVYA3M8;
				INFOPLIST_FILE = WeddingVenueTests/Info.plist;
				LD_RUNPATH_SEARCH_PATHS = "$(inherited) @executable_path/Frameworks @loader_path/Frameworks";
				PRODUCT_BUNDLE_IDENTIFIER = com.chasingkite.WeddingVenueTests;
				PRODUCT_NAME = "$(TARGET_NAME)";
				SWIFT_VERSION = 3.0;
				TEST_HOST = "$(BUILT_PRODUCTS_DIR)/WeddingVenue.app/WeddingVenue";
			};
			name = Debug;
		};
		4C9B95E21DF5E53A00E0FFBB /* Release */ = {
			isa = XCBuildConfiguration;
			buildSettings = {
				ALWAYS_EMBED_SWIFT_STANDARD_LIBRARIES = YES;
				BUNDLE_LOADER = "$(TEST_HOST)";
				DEVELOPMENT_TEAM = M72VVYA3M8;
				INFOPLIST_FILE = WeddingVenueTests/Info.plist;
				LD_RUNPATH_SEARCH_PATHS = "$(inherited) @executable_path/Frameworks @loader_path/Frameworks";
				PRODUCT_BUNDLE_IDENTIFIER = com.chasingkite.WeddingVenueTests;
				PRODUCT_NAME = "$(TARGET_NAME)";
				SWIFT_VERSION = 3.0;
				TEST_HOST = "$(BUILT_PRODUCTS_DIR)/WeddingVenue.app/WeddingVenue";
			};
			name = Release;
		};
		4C9B95E41DF5E53A00E0FFBB /* Debug */ = {
			isa = XCBuildConfiguration;
			buildSettings = {
				ALWAYS_EMBED_SWIFT_STANDARD_LIBRARIES = YES;
				DEVELOPMENT_TEAM = M72VVYA3M8;
				INFOPLIST_FILE = WeddingVenueUITests/Info.plist;
				LD_RUNPATH_SEARCH_PATHS = "$(inherited) @executable_path/Frameworks @loader_path/Frameworks";
				PRODUCT_BUNDLE_IDENTIFIER = com.chasingkite.WeddingVenueUITests;
				PRODUCT_NAME = "$(TARGET_NAME)";
				SWIFT_VERSION = 3.0;
				TEST_TARGET_NAME = WeddingVenue;
			};
			name = Debug;
		};
		4C9B95E51DF5E53A00E0FFBB /* Release */ = {
			isa = XCBuildConfiguration;
			buildSettings = {
				ALWAYS_EMBED_SWIFT_STANDARD_LIBRARIES = YES;
				DEVELOPMENT_TEAM = M72VVYA3M8;
				INFOPLIST_FILE = WeddingVenueUITests/Info.plist;
				LD_RUNPATH_SEARCH_PATHS = "$(inherited) @executable_path/Frameworks @loader_path/Frameworks";
				PRODUCT_BUNDLE_IDENTIFIER = com.chasingkite.WeddingVenueUITests;
				PRODUCT_NAME = "$(TARGET_NAME)";
				SWIFT_VERSION = 3.0;
				TEST_TARGET_NAME = WeddingVenue;
			};
			name = Release;
		};
/* End XCBuildConfiguration section */

/* Begin XCConfigurationList section */
		4C9B95B01DF5E53900E0FFBB /* Build configuration list for PBXProject "WeddingVenue" */ = {
			isa = XCConfigurationList;
			buildConfigurations = (
				4C9B95DB1DF5E53A00E0FFBB /* Debug */,
				4C9B95DC1DF5E53A00E0FFBB /* Release */,
			);
			defaultConfigurationIsVisible = 0;
			defaultConfigurationName = Release;
		};
		4C9B95DD1DF5E53A00E0FFBB /* Build configuration list for PBXNativeTarget "WeddingVenue" */ = {
			isa = XCConfigurationList;
			buildConfigurations = (
				4C9B95DE1DF5E53A00E0FFBB /* Debug */,
				4C9B95DF1DF5E53A00E0FFBB /* Release */,
			);
			defaultConfigurationIsVisible = 0;
			defaultConfigurationName = Release;
		};
		4C9B95E01DF5E53A00E0FFBB /* Build configuration list for PBXNativeTarget "WeddingVenueTests" */ = {
			isa = XCConfigurationList;
			buildConfigurations = (
				4C9B95E11DF5E53A00E0FFBB /* Debug */,
				4C9B95E21DF5E53A00E0FFBB /* Release */,
			);
			defaultConfigurationIsVisible = 0;
			defaultConfigurationName = Release;
		};
		4C9B95E31DF5E53A00E0FFBB /* Build configuration list for PBXNativeTarget "WeddingVenueUITests" */ = {
			isa = XCConfigurationList;
			buildConfigurations = (
				4C9B95E41DF5E53A00E0FFBB /* Debug */,
				4C9B95E51DF5E53A00E0FFBB /* Release */,
			);
			defaultConfigurationIsVisible = 0;
			defaultConfigurationName = Release;
		};
/* End XCConfigurationList section */
	};
	rootObject = 4C9B95AD1DF5E53900E0FFBB /* Project object */;
}
